
Microsoft Visual Studio Solution File, Format Version 12.00
# Visual Studio Version 17
VisualStudioVersion = 17.3.32922.545
MinimumVisualStudioVersion = 10.0.40219.1
Project("{8BC9CEB8-8B4A-11D0-8D11-00A0C91BC942}") = "11.5_Типы и приведения между ними", "11.5_Типы и приведения между ними\11.5_Типы и приведения между ними.vcxproj", "{D1025A2D-D786-4401-AD49-905CD5AE43EC}"
EndProject
Global
	GlobalSection(SolutionConfigurationPlatforms) = preSolution
		Debug|x64 = Debug|x64
		Debug|x86 = Debug|x86
		Release|x64 = Release|x64
		Release|x86 = Release|x86
	EndGlobalSection
	GlobalSection(ProjectConfigurationPlatforms) = postSolution
		{D1025A2D-D786-4401-AD49-905CD5AE43EC}.Debug|x64.ActiveCfg = Debug|x64
		{D1025A2D-D786-4401-AD49-905CD5AE43EC}.Debug|x64.Build.0 = Debug|x64
		{D1025A2D-D786-4401-AD49-905CD5AE43EC}.Debug|x86.ActiveCfg = Debug|Win32
		{D1025A2D-D786-4401-AD49-905CD5AE43EC}.Debug|x86.Build.0 = Debug|Win32
		{D1025A2D-D786-4401-AD49-905CD5AE43EC}.Release|x64.ActiveCfg = Release|x64
		{D1025A2D-D786-4401-AD49-905CD5AE43EC}.Release|x64.Build.0 = Release|x64
		{D1025A2D-D786-4401-AD49-905CD5AE43EC}.Release|x86.ActiveCfg = Release|Win32
		{D1025A2D-D786-4401-AD49-905CD5AE43EC}.Release|x86.Build.0 = Release|Win32
	EndGlobalSection
	GlobalSection(SolutionProperties) = preSolution
		HideSolutionNode = FALSE
	EndGlobalSection
	GlobalSection(ExtensibilityGlobals) = postSolution
		SolutionGuid = {04E057C1-0B50-4C4F-9FD3-3867478072D4}
	EndGlobalSection
EndGlobal
